
Microsoft Visual Studio Solution File, Format Version 12.00
# Visual Studio Version 17
VisualStudioVersion = 17.0.31611.283
MinimumVisualStudioVersion = 10.0.40219.1
Project("{9A19103F-16F7-4668-BE54-9A1E7A4F7556}") = "AnotherProject", "AnotherProject.csproj", "{7D253134-90B7-44D4-9BE7-1BBEB13AAB7B}"
EndProject
Project("{FAE04EC0-301F-11D3-BF4B-00C04F79EFBC}") = "TasksProject_unitII", "..\..\TasksProject_unitII\TasksProject_unitII.csproj", "{B256101A-D746-4E99-8E69-2F0810E217CC}"
EndProject
Global
	GlobalSection(SolutionConfigurationPlatforms) = preSolution
		Debug|Any CPU = Debug|Any CPU
		Release|Any CPU = Release|Any CPU
	EndGlobalSection
	GlobalSection(ProjectConfigurationPlatforms) = postSolution
		{7D253134-90B7-44D4-9BE7-1BBEB13AAB7B}.Debug|Any CPU.ActiveCfg = Debug|Any CPU
		{7D253134-90B7-44D4-9BE7-1BBEB13AAB7B}.Debug|Any CPU.Build.0 = Debug|Any CPU
		{7D253134-90B7-44D4-9BE7-1BBEB13AAB7B}.Debug|Any CPU.Deploy.0 = Debug|Any CPU
		{7D253134-90B7-44D4-9BE7-1BBEB13AAB7B}.Release|Any CPU.ActiveCfg = Release|Any CPU
		{7D253134-90B7-44D4-9BE7-1BBEB13AAB7B}.Release|Any CPU.Build.0 = Release|Any CPU
		{7D253134-90B7-44D4-9BE7-1BBEB13AAB7B}.Release|Any CPU.Deploy.0 = Release|Any CPU
		{B256101A-D746-4E99-8E69-2F0810E217CC}.Debug|Any CPU.ActiveCfg = Debug|Any CPU
		{B256101A-D746-4E99-8E69-2F0810E217CC}.Debug|Any CPU.Build.0 = Debug|Any CPU
		{B256101A-D746-4E99-8E69-2F0810E217CC}.Release|Any CPU.ActiveCfg = Release|Any CPU
		{B256101A-D746-4E99-8E69-2F0810E217CC}.Release|Any CPU.Build.0 = Release|Any CPU
	EndGlobalSection
	GlobalSection(SolutionProperties) = preSolution
		HideSolutionNode = FALSE
	EndGlobalSection
	GlobalSection(ExtensibilityGlobals) = postSolution
		SolutionGuid = {61F7FB11-1E47-470C-91E2-47F8143E1572}
	EndGlobalSection
EndGlobal
